
Microsoft Visual Studio Solution File, Format Version 11.00
# Visual Studio 2010
Project("{FAE04EC0-301F-11D3-BF4B-00C04F79EFBC}") = "VuforiaScripts", "VuforiaScripts.csproj", "{A850F1C1-8C4B-1F0F-5269-C2C2EB79E7E6}"
EndProject
Project("{FAE04EC0-301F-11D3-BF4B-00C04F79EFBC}") = "Assembly-CSharp", "Assembly-CSharp.csproj", "{8D1A8039-E2BA-59BF-EA25-C8714D2C4017}"
EndProject
Project("{FAE04EC0-301F-11D3-BF4B-00C04F79EFBC}") = "VuforiaEditorScripts", "VuforiaEditorScripts.csproj", "{1B1FB3D0-45BC-A468-7984-09BB6201037B}"
EndProject
Global
	GlobalSection(SolutionConfigurationPlatforms) = preSolution
		Debug|Any CPU = Debug|Any CPU
		Release|Any CPU = Release|Any CPU
	EndGlobalSection
	GlobalSection(ProjectConfigurationPlatforms) = postSolution
		{A850F1C1-8C4B-1F0F-5269-C2C2EB79E7E6}.Debug|Any CPU.ActiveCfg = Debug|Any CPU
		{A850F1C1-8C4B-1F0F-5269-C2C2EB79E7E6}.Debug|Any CPU.Build.0 = Debug|Any CPU
		{A850F1C1-8C4B-1F0F-5269-C2C2EB79E7E6}.Release|Any CPU.ActiveCfg = Release|Any CPU
		{A850F1C1-8C4B-1F0F-5269-C2C2EB79E7E6}.Release|Any CPU.Build.0 = Release|Any CPU
		{8D1A8039-E2BA-59BF-EA25-C8714D2C4017}.Debug|Any CPU.ActiveCfg = Debug|Any CPU
		{8D1A8039-E2BA-59BF-EA25-C8714D2C4017}.Debug|Any CPU.Build.0 = Debug|Any CPU
		{8D1A8039-E2BA-59BF-EA25-C8714D2C4017}.Release|Any CPU.ActiveCfg = Release|Any CPU
		{8D1A8039-E2BA-59BF-EA25-C8714D2C4017}.Release|Any CPU.Build.0 = Release|Any CPU
		{1B1FB3D0-45BC-A468-7984-09BB6201037B}.Debug|Any CPU.ActiveCfg = Debug|Any CPU
		{1B1FB3D0-45BC-A468-7984-09BB6201037B}.Debug|Any CPU.Build.0 = Debug|Any CPU
		{1B1FB3D0-45BC-A468-7984-09BB6201037B}.Release|Any CPU.ActiveCfg = Release|Any CPU
		{1B1FB3D0-45BC-A468-7984-09BB6201037B}.Release|Any CPU.Build.0 = Release|Any CPU
	EndGlobalSection
	GlobalSection(SolutionProperties) = preSolution
		HideSolutionNode = FALSE
	EndGlobalSection
	GlobalSection(MonoDevelopProperties) = preSolution
		StartupItem = Assembly-CSharp.csproj
	EndGlobalSection
EndGlobal
